// !$*UTF8*$!
{
	archiveVersion = 1;
	classes = {
	};
	objectVersion = 46;
	objects = {

/* Begin PBXBuildFile section */
		317664491B456D200097FA47 /* AppDelegate.swift in Sources */ = {isa = PBXBuildFile; fileRef = 317664481B456D200097FA47 /* AppDelegate.swift */; };
		3176644B1B456D200097FA47 /* ViewController.swift in Sources */ = {isa = PBXBuildFile; fileRef = 3176644A1B456D200097FA47 /* ViewController.swift */; };
		3176644E1B456D200097FA47 /* Main.storyboard in Resources */ = {isa = PBXBuildFile; fileRef = 3176644C1B456D200097FA47 /* Main.storyboard */; };
		317664501B456D200097FA47 /* Images.xcassets in Resources */ = {isa = PBXBuildFile; fileRef = 3176644F1B456D200097FA47 /* Images.xcassets */; };
		317664531B456D200097FA47 /* LaunchScreen.xib in Resources */ = {isa = PBXBuildFile; fileRef = 317664511B456D200097FA47 /* LaunchScreen.xib */; };
		3176645F1B456D200097FA47 /* Project2Tests.swift in Sources */ = {isa = PBXBuildFile; fileRef = 3176645E1B456D200097FA47 /* Project2Tests.swift */; };
/* End PBXBuildFile section */

/* Begin PBXContainerItemProxy section */
		317664591B456D200097FA47 /* PBXContainerItemProxy */ = {
			isa = PBXContainerItemProxy;
			containerPortal = 3176643B1B456D200097FA47 /* Project object */;
			proxyType = 1;
			remoteGlobalIDString = 317664421B456D200097FA47;
			remoteInfo = Project2;
		};
/* End PBXContainerItemProxy section */

/* Begin PBXFileReference section */
		317664431B456D200097FA47 /* Project2.app */ = {isa = PBXFileReference; explicitFileType = wrapper.application; includeInIndex = 0; path = Project2.app; sourceTree = BUILT_PRODUCTS_DIR; };
		317664471B456D200097FA47 /* Info.plist */ = {isa = PBXFileReference; lastKnownFileType = text.plist.xml; path = Info.plist; sourceTree = "<group>"; };
		317664481B456D200097FA47 /* AppDelegate.swift */ = {isa = PBXFileReference; lastKnownFileType = sourcecode.swift; path = AppDelegate.swift; sourceTree = "<group>"; };
		3176644A1B456D200097FA47 /* ViewController.swift */ = {isa = PBXFileReference; lastKnownFileType = sourcecode.swift; path = ViewController.swift; sourceTree = "<group>"; };
		3176644D1B456D200097FA47 /* Base */ = {isa = PBXFileReference; lastKnownFileType = file.storyboard; name = Base; path = Base.lproj/Main.storyboard; sourceTree = "<group>"; };
		3176644F1B456D200097FA47 /* Images.xcassets */ = {isa = PBXFileReference; lastKnownFileType = folder.assetcatalog; path = Images.xcassets; sourceTree = "<group>"; };
		317664521B456D200097FA47 /* Base */ = {isa = PBXFileReference; lastKnownFileType = file.xib; name = Base; path = Base.lproj/LaunchScreen.xib; sourceTree = "<group>"; };
		317664581B456D200097FA47 /* Project2Tests.xctest */ = {isa = PBXFileReference; explicitFileType = wrapper.cfbundle; includeInIndex = 0; path = Project2Tests.xctest; sourceTree = BUILT_PRODUCTS_DIR; };
		3176645D1B456D200097FA47 /* Info.plist */ = {isa = PBXFileReference; lastKnownFileType = text.plist.xml; path = Info.plist; sourceTree = "<group>"; };
		3176645E1B456D200097FA47 /* Project2Tests.swift */ = {isa = PBXFileReference; lastKnownFileType = sourcecode.swift; path = Project2Tests.swift; sourceTree = "<group>"; };
/* End PBXFileReference section */

/* Begin PBXFrameworksBuildPhase section */
		317664401B456D200097FA47 /* Frameworks */ = {
			isa = PBXFrameworksBuildPhase;
			buildActionMask = 2147483647;
			files = (
			);
			runOnlyForDeploymentPostprocessing = 0;
		};
		317664551B456D200097FA47 /* Frameworks */ = {
			isa = PBXFrameworksBuildPhase;
			buildActionMask = 2147483647;
			files = (
			);
			runOnlyForDeploymentPostprocessing = 0;
		};
/* End PBXFrameworksBuildPhase section */

/* Begin PBXGroup section */
		3176643A1B456D200097FA47 = {
			isa = PBXGroup;
			children = (
				317664451B456D200097FA47 /* Project2 */,
				3176645B1B456D200097FA47 /* Project2Tests */,
				317664441B456D200097FA47 /* Products */,
			);
			sourceTree = "<group>";
		};
		317664441B456D200097FA47 /* Products */ = {
			isa = PBXGroup;
			children = (
				317664431B456D200097FA47 /* Project2.app */,
				317664581B456D200097FA47 /* Project2Tests.xctest */,
			);
			name = Products;
			sourceTree = "<group>";
		};
		317664451B456D200097FA47 /* Project2 */ = {
			isa = PBXGroup;
			children = (
				317664481B456D200097FA47 /* AppDelegate.swift */,
				3176644A1B456D200097FA47 /* ViewController.swift */,
				3176644C1B456D200097FA47 /* Main.storyboard */,
				3176644F1B456D200097FA47 /* Images.xcassets */,
				317664511B456D200097FA47 /* LaunchScreen.xib */,
				317664461B456D200097FA47 /* Supporting Files */,
			);
			path = Project2;
			sourceTree = "<group>";
		};
		317664461B456D200097FA47 /* Supporting Files */ = {
			isa = PBXGroup;
			children = (
				317664471B456D200097FA47 /* Info.plist */,
			);
			name = "Supporting Files";
			sourceTree = "<group>";
		};
		3176645B1B456D200097FA47 /* Project2Tests */ = {
			isa = PBXGroup;
			children = (
				3176645E1B456D200097FA47 /* Project2Tests.swift */,
				3176645C1B456D200097FA47 /* Supporting Files */,
			);
			path = Project2Tests;
			sourceTree = "<group>";
		};
		3176645C1B456D200097FA47 /* Supporting Files */ = {
			isa = PBXGroup;
			children = (
				3176645D1B456D200097FA47 /* Info.plist */,
			);
			name = "Supporting Files";
			sourceTree = "<group>";
		};
/* End PBXGroup section */

/* Begin PBXNativeTarget section */
		317664421B456D200097FA47 /* Project2 */ = {
			isa = PBXNativeTarget;
			buildConfigurationList = 317664621B456D200097FA47 /* Build configuration list for PBXNativeTarget "Project2" */;
			buildPhases = (
				3176643F1B456D200097FA47 /* Sources */,
				317664401B456D200097FA47 /* Frameworks */,
				317664411B456D200097FA47 /* Resources */,
			);
			buildRules = (
			);
			dependencies = (
			);
			name = Project2;
			productName = Project2;
			productReference = 317664431B456D200097FA47 /* Project2.app */;
			productType = "com.apple.product-type.application";
		};
		317664571B456D200097FA47 /* Project2Tests */ = {
			isa = PBXNativeTarget;
			buildConfigurationList = 317664651B456D200097FA47 /* Build configuration list for PBXNativeTarget "Project2Tests" */;
			buildPhases = (
				317664541B456D200097FA47 /* Sources */,
				317664551B456D200097FA47 /* Frameworks */,
				317664561B456D200097FA47 /* Resources */,
			);
			buildRules = (
			);
			dependencies = (
				3176645A1B456D200097FA47 /* PBXTargetDependency */,
			);
			name = Project2Tests;
			productName = Project2Tests;
			productReference = 317664581B456D200097FA47 /* Project2Tests.xctest */;
			productType = "com.apple.product-type.bundle.unit-test";
		};
/* End PBXNativeTarget section */

/* Begin PBXProject section */
		3176643B1B456D200097FA47 /* Project object */ = {
			isa = PBXProject;
			attributes = {
				LastUpgradeCheck = 0630;
				ORGANIZATIONNAME = "Joseph Leon";
				TargetAttributes = {
					317664421B456D200097FA47 = {
						CreatedOnToolsVersion = 6.3.2;
					};
					317664571B456D200097FA47 = {
						CreatedOnToolsVersion = 6.3.2;
						TestTargetID = 317664421B456D200097FA47;
					};
				};
			};
			buildConfigurationList = 3176643E1B456D200097FA47 /* Build configuration list for PBXProject "Project2" */;
			compatibilityVersion = "Xcode 3.2";
			developmentRegion = English;
			hasScannedForEncodings = 0;
			knownRegions = (
				en,
				Base,
			);
			mainGroup = 3176643A1B456D200097FA47;
			productRefGroup = 317664441B456D200097FA47 /* Products */;
			projectDirPath = "";
			projectRoot = "";
			targets = (
				317664421B456D200097FA47 /* Project2 */,
				317664571B456D200097FA47 /* Project2Tests */,
			);
		};
/* End PBXProject section */

/* Begin PBXResourcesBuildPhase section */
		317664411B456D200097FA47 /* Resources */ = {
			isa = PBXResourcesBuildPhase;
			buildActionMask = 2147483647;
			files = (
				3176644E1B456D200097FA47 /* Main.storyboard in Resources */,
				317664531B456D200097FA47 /* LaunchScreen.xib in Resources */,
				317664501B456D200097FA47 /* Images.xcassets in Resources */,
			);
			runOnlyForDeploymentPostprocessing = 0;
		};
		317664561B456D200097FA47 /* Resources */ = {
			isa = PBXResourcesBuildPhase;
			buildActionMask = 2147483647;
			files = (
			);
			runOnlyForDeploymentPostprocessing = 0;
		};
/* End PBXResourcesBuildPhase section */

/* Begin PBXSourcesBuildPhase section */
		3176643F1B456D200097FA47 /* Sources */ = {
			isa = PBXSourcesBuildPhase;
			buildActionMask = 2147483647;
			files = (
				3176644B1B456D200097FA47 /* ViewController.swift in Sources */,
				317664491B456D200097FA47 /* AppDelegate.swift in Sources */,
			);
			runOnlyForDeploymentPostprocessing = 0;
		};
		317664541B456D200097FA47 /* Sources */ = {
			isa = PBXSourcesBuildPhase;
			buildActionMask = 2147483647;
			files = (
				3176645F1B456D200097FA47 /* Project2Tests.swift in Sources */,
			);
			runOnlyForDeploymentPostprocessing = 0;
		};
/* End PBXSourcesBuildPhase section */

/* Begin PBXTargetDependency section */
		3176645A1B456D200097FA47 /* PBXTargetDependency */ = {
			isa = PBXTargetDependency;
			target = 317664421B456D200097FA47 /* Project2 */;
			targetProxy = 317664591B456D200097FA47 /* PBXContainerItemProxy */;
		};
/* End PBXTargetDependency section */

/* Begin PBXVariantGroup section */
		3176644C1B456D200097FA47 /* Main.storyboard */ = {
			isa = PBXVariantGroup;
			children = (
				3176644D1B456D200097FA47 /* Base */,
			);
			name = Main.storyboard;
			sourceTree = "<group>";
		};
		317664511B456D200097FA47 /* LaunchScreen.xib */ = {
			isa = PBXVariantGroup;
			children = (
				317664521B456D200097FA47 /* Base */,
			);
			name = LaunchScreen.xib;
			sourceTree = "<group>";
		};
/* End PBXVariantGroup section */

/* Begin XCBuildConfiguration section */
		317664601B456D200097FA47 /* Debug */ = {
			isa = XCBuildConfiguration;
			buildSettings = {
				ALWAYS_SEARCH_USER_PATHS = NO;
				CLANG_CXX_LANGUAGE_STANDARD = "gnu++0x";
				CLANG_CXX_LIBRARY = "libc++";
				CLANG_ENABLE_MODULES = YES;
				CLANG_ENABLE_OBJC_ARC = YES;
				CLANG_WARN_BOOL_CONVERSION = YES;
				CLANG_WARN_CONSTANT_CONVERSION = YES;
				CLANG_WARN_DIRECT_OBJC_ISA_USAGE = YES_ERROR;
				CLANG_WARN_EMPTY_BODY = YES;
				CLANG_WARN_ENUM_CONVERSION = YES;
				CLANG_WARN_INT_CONVERSION = YES;
				CLANG_WARN_OBJC_ROOT_CLASS = YES_ERROR;
				CLANG_WARN_UNREACHABLE_CODE = YES;
				CLANG_WARN__DUPLICATE_METHOD_MATCH = YES;
				"CODE_SIGN_IDENTITY[sdk=iphoneos*]" = "iPhone Developer";
				COPY_PHASE_STRIP = NO;
				DEBUG_INFORMATION_FORMAT = "dwarf-with-dsym";
				ENABLE_STRICT_OBJC_MSGSEND = YES;
				GCC_C_LANGUAGE_STANDARD = gnu99;
				GCC_DYNAMIC_NO_PIC = NO;
				GCC_NO_COMMON_BLOCKS = YES;
				GCC_OPTIMIZATION_LEVEL = 0;
				GCC_PREPROCESSOR_DEFINITIONS = (
					"DEBUG=1",
					"$(inherited)",
				);
				GCC_SYMBOLS_PRIVATE_EXTERN = NO;
				GCC_WARN_64_TO_32_BIT_CONVERSION = YES;
				GCC_WARN_ABOUT_RETURN_TYPE = YES_ERROR;
				GCC_WARN_UNDECLARED_SELECTOR = YES;
				GCC_WARN_UNINITIALIZED_AUTOS = YES_AGGRESSIVE;
				GCC_WARN_UNUSED_FUNCTION = YES;
				GCC_WARN_UNUSED_VARIABLE = YES;
				IPHONEOS_DEPLOYMENT_TARGET = 8.3;
				MTL_ENABLE_DEBUG_INFO = YES;
				ONLY_ACTIVE_ARCH = YES;
				SDKROOT = iphoneos;
				SWIFT_OPTIMIZATION_LEVEL = "-Onone";
			};
			name = Debug;
		};
		317664611B456D200097FA47 /* Release */ = {
			isa = XCBuildConfiguration;
			buildSettings = {
				ALWAYS_SEARCH_USER_PATHS = NO;
				CLANG_CXX_LANGUAGE_STANDARD = "gnu++0x";
				CLANG_CXX_LIBRARY = "libc++";
				CLANG_ENABLE_MODULES = YES;
				CLANG_ENABLE_OBJC_ARC = YES;
				CLANG_WARN_BOOL_CONVERSION = YES;
				CLANG_WARN_CONSTANT_CONVERSION = YES;
				CLANG_WARN_DIRECT_OBJC_ISA_USAGE = YES_ERROR;
				CLANG_WARN_EMPTY_BODY = YES;
				CLANG_WARN_ENUM_CONVERSION = YES;
				CLANG_WARN_INT_CONVERSION = YES;
				CLANG_WARN_OBJC_ROOT_CLASS = YES_ERROR;
				CLANG_WARN_UNREACHABLE_CODE = YES;
				CLANG_WARN__DUPLICATE_METHOD_MATCH = YES;
				"CODE_SIGN_IDENTITY[sdk=iphoneos*]" = "iPhone Developer";
				COPY_PHASE_STRIP = NO;
				DEBUG_INFORMATION_FORMAT = "dwarf-with-dsym";
				ENABLE_NS_ASSERTIONS = NO;
				ENABLE_STRICT_OBJC_MSGSEND = YES;
				GCC_C_LANGUAGE_STANDARD = gnu99;
				GCC_NO_COMMON_BLOCKS = YES;
				GCC_WARN_64_TO_32_BIT_CONVERSION = YES;
				GCC_WARN_ABOUT_RETURN_TYPE = YES_ERROR;
				GCC_WARN_UNDECLARED_SELECTOR = YES;
				GCC_WARN_UNINITIALIZED_AUTOS = YES_AGGRESSIVE;
				GCC_WARN_UNUSED_FUNCTION = YES;
				GCC_WARN_UNUSED_VARIABLE = YES;
				IPHONEOS_DEPLOYMENT_TARGET = 8.3;
				MTL_ENABLE_DEBUG_INFO = NO;
				SDKROOT = iphoneos;
				VALIDATE_PRODUCT = YES;
			};
			name = Release;
		};
		317664631B456D200097FA47 /* Debug */ = {
			isa = XCBuildConfiguration;
			buildSettings = {
				ASSETCATALOG_COMPILER_APPICON_NAME = AppIcon;
				INFOPLIST_FILE = Project2/Info.plist;
				LD_RUNPATH_SEARCH_PATHS = "$(inherited) @executable_path/Frameworks";
				PRODUCT_NAME = "$(TARGET_NAME)";
			};
			name = Debug;
		};
		317664641B456D200097FA47 /* Release */ = {
			isa = XCBuildConfiguration;
			buildSettings = {
				ASSETCATALOG_COMPILER_APPICON_NAME = AppIcon;
				INFOPLIST_FILE = Project2/Info.plist;
				LD_RUNPATH_SEARCH_PATHS = "$(inherited) @executable_path/Frameworks";
				PRODUCT_NAME = "$(TARGET_NAME)";
			};
			name = Release;
		};
		317664661B456D200097FA47 /* Debug */ = {
			isa = XCBuildConfiguration;
			buildSettings = {
				BUNDLE_LOADER = "$(TEST_HOST)";
				FRAMEWORK_SEARCH_PATHS = (
					"$(SDKROOT)/Developer/Library/Frameworks",
					"$(inherited)",
				);
				GCC_PREPROCESSOR_DEFINITIONS = (
					"DEBUG=1",
					"$(inherited)",
				);
				INFOPLIST_FILE = Project2Tests/Info.plist;
				LD_RUNPATH_SEARCH_PATHS = "$(inherited) @executable_path/Frameworks @loader_path/Frameworks";
				PRODUCT_NAME = "$(TARGET_NAME)";
				TEST_HOST = "$(BUILT_PRODUCTS_DIR)/Project2.app/Project2";
			};
			name = Debug;
		};
		317664671B456D200097FA47 /* Release */ = {
			isa = XCBuildConfiguration;
			buildSettings = {
				BUNDLE_LOADER = "$(TEST_HOST)";
				FRAMEWORK_SEARCH_PATHS = (
					"$(SDKROOT)/Developer/Library/Frameworks",
					"$(inherited)",
				);
				INFOPLIST_FILE = Project2Tests/Info.plist;
				LD_RUNPATH_SEARCH_PATHS = "$(inherited) @executable_path/Frameworks @loader_path/Frameworks";
				PRODUCT_NAME = "$(TARGET_NAME)";
				TEST_HOST = "$(BUILT_PRODUCTS_DIR)/Project2.app/Project2";
			};
			name = Release;
		};
/* End XCBuildConfiguration section */

/* Begin XCConfigurationList section */
		3176643E1B456D200097FA47 /* Build configuration list for PBXProject "Project2" */ = {
			isa = XCConfigurationList;
			buildConfigurations = (
				317664601B456D200097FA47 /* Debug */,
				317664611B456D200097FA47 /* Release */,
			);
			defaultConfigurationIsVisible = 0;
			defaultConfigurationName = Release;
		};
		317664621B456D200097FA47 /* Build configuration list for PBXNativeTarget "Project2" */ = {
			isa = XCConfigurationList;
			buildConfigurations = (
				317664631B456D200097FA47 /* Debug */,
				317664641B456D200097FA47 /* Release */,
			);
			defaultConfigurationIsVisible = 0;
		};
		317664651B456D200097FA47 /* Build configuration list for PBXNativeTarget "Project2Tests" */ = {
			isa = XCConfigurationList;
			buildConfigurations = (
				317664661B456D200097FA47 /* Debug */,
				317664671B456D200097FA47 /* Release */,
			);
			defaultConfigurationIsVisible = 0;
		};
/* End XCConfigurationList section */
	};
	rootObject = 3176643B1B456D200097FA47 /* Project object */;
}
